
Microsoft Visual Studio Solution File, Format Version 12.00
# Visual Studio 2013
VisualStudioVersion = 12.0.31101.0
MinimumVisualStudioVersion = 10.0.40219.1
Project("{FAE04EC0-301F-11D3-BF4B-00C04F79EFBC}") = "2_Funciones", "2_Funciones\2_Funciones.csproj", "{47336A5D-1EDB-4D27-920C-D690819B27C6}"
EndProject
Global
	GlobalSection(SolutionConfigurationPlatforms) = preSolution
		Debug|Any CPU = Debug|Any CPU
		Release|Any CPU = Release|Any CPU
	EndGlobalSection
	GlobalSection(ProjectConfigurationPlatforms) = postSolution
		{47336A5D-1EDB-4D27-920C-D690819B27C6}.Debug|Any CPU.ActiveCfg = Debug|Any CPU
		{47336A5D-1EDB-4D27-920C-D690819B27C6}.Debug|Any CPU.Build.0 = Debug|Any CPU
		{47336A5D-1EDB-4D27-920C-D690819B27C6}.Release|Any CPU.ActiveCfg = Release|Any CPU
		{47336A5D-1EDB-4D27-920C-D690819B27C6}.Release|Any CPU.Build.0 = Release|Any CPU
	EndGlobalSection
	GlobalSection(SolutionProperties) = preSolution
		HideSolutionNode = FALSE
	EndGlobalSection
EndGlobal
