
Microsoft Visual Studio Solution File, Format Version 12.00
# Visual Studio 2013
VisualStudioVersion = 12.0.31101.0
MinimumVisualStudioVersion = 10.0.40219.1
Project("{FAE04EC0-301F-11D3-BF4B-00C04F79EFBC}") = "3_Cadenas", "Cadenas_Colecciones\3_Cadenas.csproj", "{AEB83C8E-E723-41E0-90CB-F15A50F94E16}"
EndProject
Global
	GlobalSection(SolutionConfigurationPlatforms) = preSolution
		Debug|Any CPU = Debug|Any CPU
		Release|Any CPU = Release|Any CPU
	EndGlobalSection
	GlobalSection(ProjectConfigurationPlatforms) = postSolution
		{AEB83C8E-E723-41E0-90CB-F15A50F94E16}.Debug|Any CPU.ActiveCfg = Debug|Any CPU
		{AEB83C8E-E723-41E0-90CB-F15A50F94E16}.Debug|Any CPU.Build.0 = Debug|Any CPU
		{AEB83C8E-E723-41E0-90CB-F15A50F94E16}.Release|Any CPU.ActiveCfg = Release|Any CPU
		{AEB83C8E-E723-41E0-90CB-F15A50F94E16}.Release|Any CPU.Build.0 = Release|Any CPU
	EndGlobalSection
	GlobalSection(SolutionProperties) = preSolution
		HideSolutionNode = FALSE
	EndGlobalSection
EndGlobal
